
Microsoft Visual Studio Solution File, Format Version 12.00
# Visual Studio Version 16
VisualStudioVersion = 16.0.31702.278
MinimumVisualStudioVersion = 10.0.40219.1
Project("{FAE04EC0-301F-11D3-BF4B-00C04F79EFBC}") = "For_IS_18_02.BL", "For_IS_18_02.BL\For_IS_18_02.BL.csproj", "{25BFA634-27F2-447B-A244-8134663B9EF9}"
EndProject
Project("{FAE04EC0-301F-11D3-BF4B-00C04F79EFBC}") = "ConsoleApp1", "ConsoleApp1\ConsoleApp1.csproj", "{5ED06C4B-CE6D-4149-AD8F-D03D1B2A0279}"
EndProject
Global
	GlobalSection(SolutionConfigurationPlatforms) = preSolution
		Debug|Any CPU = Debug|Any CPU
		Release|Any CPU = Release|Any CPU
	EndGlobalSection
	GlobalSection(ProjectConfigurationPlatforms) = postSolution
		{25BFA634-27F2-447B-A244-8134663B9EF9}.Debug|Any CPU.ActiveCfg = Debug|Any CPU
		{25BFA634-27F2-447B-A244-8134663B9EF9}.Debug|Any CPU.Build.0 = Debug|Any CPU
		{25BFA634-27F2-447B-A244-8134663B9EF9}.Release|Any CPU.ActiveCfg = Release|Any CPU
		{25BFA634-27F2-447B-A244-8134663B9EF9}.Release|Any CPU.Build.0 = Release|Any CPU
		{5ED06C4B-CE6D-4149-AD8F-D03D1B2A0279}.Debug|Any CPU.ActiveCfg = Debug|Any CPU
		{5ED06C4B-CE6D-4149-AD8F-D03D1B2A0279}.Debug|Any CPU.Build.0 = Debug|Any CPU
		{5ED06C4B-CE6D-4149-AD8F-D03D1B2A0279}.Release|Any CPU.ActiveCfg = Release|Any CPU
		{5ED06C4B-CE6D-4149-AD8F-D03D1B2A0279}.Release|Any CPU.Build.0 = Release|Any CPU
	EndGlobalSection
	GlobalSection(SolutionProperties) = preSolution
		HideSolutionNode = FALSE
	EndGlobalSection
	GlobalSection(ExtensibilityGlobals) = postSolution
		SolutionGuid = {22ABA913-038A-4ECF-9AD8-3A576912DDBD}
	EndGlobalSection
EndGlobal
